
Microsoft Visual Studio Solution File, Format Version 12.00
# Visual Studio 15
VisualStudioVersion = 15.0.28010.2050
MinimumVisualStudioVersion = 10.0.40219.1
Project("{FAE04EC0-301F-11D3-BF4B-00C04F79EFBC}") = "TestContainer.Android", "TestContainer\TestContainer.Android\TestContainer.Android.csproj", "{1D2A45FB-F1F1-4DDF-BF77-682FA4E2772A}"
EndProject
Project("{FAE04EC0-301F-11D3-BF4B-00C04F79EFBC}") = "TestContainer.iOS", "TestContainer\TestContainer.iOS\TestContainer.iOS.csproj", "{DBD4A7B3-C647-4F06-B163-160BCC89109F}"
EndProject
Project("{FAE04EC0-301F-11D3-BF4B-00C04F79EFBC}") = "TestContainer", "TestContainer\TestContainer\TestContainer.csproj", "{72160416-D637-499F-B0CF-7AE8265C0887}"
EndProject
Global
	GlobalSection(SolutionConfigurationPlatforms) = preSolution
		Ad-Hoc|Any CPU = Ad-Hoc|Any CPU
		Ad-Hoc|iPhone = Ad-Hoc|iPhone
		Ad-Hoc|iPhoneSimulator = Ad-Hoc|iPhoneSimulator
		AppStore|Any CPU = AppStore|Any CPU
		AppStore|iPhone = AppStore|iPhone
		AppStore|iPhoneSimulator = AppStore|iPhoneSimulator
		Debug|Any CPU = Debug|Any CPU
		Debug|iPhone = Debug|iPhone
		Debug|iPhoneSimulator = Debug|iPhoneSimulator
		Release|Any CPU = Release|Any CPU
		Release|iPhone = Release|iPhone
		Release|iPhoneSimulator = Release|iPhoneSimulator
	EndGlobalSection
	GlobalSection(ProjectConfigurationPlatforms) = postSolution
		{1D2A45FB-F1F1-4DDF-BF77-682FA4E2772A}.Ad-Hoc|Any CPU.ActiveCfg = Release|Any CPU
		{1D2A45FB-F1F1-4DDF-BF77-682FA4E2772A}.Ad-Hoc|Any CPU.Build.0 = Release|Any CPU
		{1D2A45FB-F1F1-4DDF-BF77-682FA4E2772A}.Ad-Hoc|Any CPU.Deploy.0 = Release|Any CPU
		{1D2A45FB-F1F1-4DDF-BF77-682FA4E2772A}.Ad-Hoc|iPhone.ActiveCfg = Release|Any CPU
		{1D2A45FB-F1F1-4DDF-BF77-682FA4E2772A}.Ad-Hoc|iPhone.Build.0 = Release|Any CPU
		{1D2A45FB-F1F1-4DDF-BF77-682FA4E2772A}.Ad-Hoc|iPhone.Deploy.0 = Release|Any CPU
		{1D2A45FB-F1F1-4DDF-BF77-682FA4E2772A}.Ad-Hoc|iPhoneSimulator.ActiveCfg = Release|Any CPU
		{1D2A45FB-F1F1-4DDF-BF77-682FA4E2772A}.Ad-Hoc|iPhoneSimulator.Build.0 = Release|Any CPU
		{1D2A45FB-F1F1-4DDF-BF77-682FA4E2772A}.Ad-Hoc|iPhoneSimulator.Deploy.0 = Release|Any CPU
		{1D2A45FB-F1F1-4DDF-BF77-682FA4E2772A}.AppStore|Any CPU.ActiveCfg = Release|Any CPU
		{1D2A45FB-F1F1-4DDF-BF77-682FA4E2772A}.AppStore|Any CPU.Build.0 = Release|Any CPU
		{1D2A45FB-F1F1-4DDF-BF77-682FA4E2772A}.AppStore|Any CPU.Deploy.0 = Release|Any CPU
		{1D2A45FB-F1F1-4DDF-BF77-682FA4E2772A}.AppStore|iPhone.ActiveCfg = Release|Any CPU
		{1D2A45FB-F1F1-4DDF-BF77-682FA4E2772A}.AppStore|iPhone.Build.0 = Release|Any CPU
		{1D2A45FB-F1F1-4DDF-BF77-682FA4E2772A}.AppStore|iPhone.Deploy.0 = Release|Any CPU
		{1D2A45FB-F1F1-4DDF-BF77-682FA4E2772A}.AppStore|iPhoneSimulator.ActiveCfg = Release|Any CPU
		{1D2A45FB-F1F1-4DDF-BF77-682FA4E2772A}.AppStore|iPhoneSimulator.Build.0 = Release|Any CPU
		{1D2A45FB-F1F1-4DDF-BF77-682FA4E2772A}.AppStore|iPhoneSimulator.Deploy.0 = Release|Any CPU
		{1D2A45FB-F1F1-4DDF-BF77-682FA4E2772A}.Debug|Any CPU.ActiveCfg = Debug|Any CPU
		{1D2A45FB-F1F1-4DDF-BF77-682FA4E2772A}.Debug|Any CPU.Build.0 = Debug|Any CPU
		{1D2A45FB-F1F1-4DDF-BF77-682FA4E2772A}.Debug|Any CPU.Deploy.0 = Debug|Any CPU
		{1D2A45FB-F1F1-4DDF-BF77-682FA4E2772A}.Debug|iPhone.ActiveCfg = Debug|Any CPU
		{1D2A45FB-F1F1-4DDF-BF77-682FA4E2772A}.Debug|iPhone.Build.0 = Debug|Any CPU
		{1D2A45FB-F1F1-4DDF-BF77-682FA4E2772A}.Debug|iPhone.Deploy.0 = Debug|Any CPU
		{1D2A45FB-F1F1-4DDF-BF77-682FA4E2772A}.Debug|iPhoneSimulator.ActiveCfg = Debug|Any CPU
		{1D2A45FB-F1F1-4DDF-BF77-682FA4E2772A}.Debug|iPhoneSimulator.Build.0 = Debug|Any CPU
		{1D2A45FB-F1F1-4DDF-BF77-682FA4E2772A}.Debug|iPhoneSimulator.Deploy.0 = Debug|Any CPU
		{1D2A45FB-F1F1-4DDF-BF77-682FA4E2772A}.Release|Any CPU.ActiveCfg = Release|Any CPU
		{1D2A45FB-F1F1-4DDF-BF77-682FA4E2772A}.Release|Any CPU.Build.0 = Release|Any CPU
		{1D2A45FB-F1F1-4DDF-BF77-682FA4E2772A}.Release|Any CPU.Deploy.0 = Release|Any CPU
		{1D2A45FB-F1F1-4DDF-BF77-682FA4E2772A}.Release|iPhone.ActiveCfg = Release|Any CPU
		{1D2A45FB-F1F1-4DDF-BF77-682FA4E2772A}.Release|iPhone.Build.0 = Release|Any CPU
		{1D2A45FB-F1F1-4DDF-BF77-682FA4E2772A}.Release|iPhone.Deploy.0 = Release|Any CPU
		{1D2A45FB-F1F1-4DDF-BF77-682FA4E2772A}.Release|iPhoneSimulator.ActiveCfg = Release|Any CPU
		{1D2A45FB-F1F1-4DDF-BF77-682FA4E2772A}.Release|iPhoneSimulator.Build.0 = Release|Any CPU
		{1D2A45FB-F1F1-4DDF-BF77-682FA4E2772A}.Release|iPhoneSimulator.Deploy.0 = Release|Any CPU
		{DBD4A7B3-C647-4F06-B163-160BCC89109F}.Ad-Hoc|Any CPU.ActiveCfg = Ad-Hoc|iPhone
		{DBD4A7B3-C647-4F06-B163-160BCC89109F}.Ad-Hoc|Any CPU.Build.0 = Ad-Hoc|iPhone
		{DBD4A7B3-C647-4F06-B163-160BCC89109F}.Ad-Hoc|Any CPU.Deploy.0 = Ad-Hoc|iPhone
		{DBD4A7B3-C647-4F06-B163-160BCC89109F}.Ad-Hoc|iPhone.ActiveCfg = Ad-Hoc|iPhone
		{DBD4A7B3-C647-4F06-B163-160BCC89109F}.Ad-Hoc|iPhone.Build.0 = Ad-Hoc|iPhone
		{DBD4A7B3-C647-4F06-B163-160BCC89109F}.Ad-Hoc|iPhone.Deploy.0 = Ad-Hoc|iPhone
		{DBD4A7B3-C647-4F06-B163-160BCC89109F}.Ad-Hoc|iPhoneSimulator.ActiveCfg = Ad-Hoc|iPhoneSimulator
		{DBD4A7B3-C647-4F06-B163-160BCC89109F}.Ad-Hoc|iPhoneSimulator.Build.0 = Ad-Hoc|iPhoneSimulator
		{DBD4A7B3-C647-4F06-B163-160BCC89109F}.Ad-Hoc|iPhoneSimulator.Deploy.0 = Ad-Hoc|iPhoneSimulator
		{DBD4A7B3-C647-4F06-B163-160BCC89109F}.AppStore|Any CPU.ActiveCfg = AppStore|iPhone
		{DBD4A7B3-C647-4F06-B163-160BCC89109F}.AppStore|Any CPU.Build.0 = AppStore|iPhone
		{DBD4A7B3-C647-4F06-B163-160BCC89109F}.AppStore|Any CPU.Deploy.0 = AppStore|iPhone
		{DBD4A7B3-C647-4F06-B163-160BCC89109F}.AppStore|iPhone.ActiveCfg = AppStore|iPhone
		{DBD4A7B3-C647-4F06-B163-160BCC89109F}.AppStore|iPhone.Build.0 = AppStore|iPhone
		{DBD4A7B3-C647-4F06-B163-160BCC89109F}.AppStore|iPhone.Deploy.0 = AppStore|iPhone
		{DBD4A7B3-C647-4F06-B163-160BCC89109F}.AppStore|iPhoneSimulator.ActiveCfg = AppStore|iPhoneSimulator
		{DBD4A7B3-C647-4F06-B163-160BCC89109F}.AppStore|iPhoneSimulator.Build.0 = AppStore|iPhoneSimulator
		{DBD4A7B3-C647-4F06-B163-160BCC89109F}.AppStore|iPhoneSimulator.Deploy.0 = AppStore|iPhoneSimulator
		{DBD4A7B3-C647-4F06-B163-160BCC89109F}.Debug|Any CPU.ActiveCfg = Debug|iPhoneSimulator
		{DBD4A7B3-C647-4F06-B163-160BCC89109F}.Debug|Any CPU.Build.0 = Debug|iPhoneSimulator
		{DBD4A7B3-C647-4F06-B163-160BCC89109F}.Debug|Any CPU.Deploy.0 = Debug|iPhoneSimulator
		{DBD4A7B3-C647-4F06-B163-160BCC89109F}.Debug|iPhone.ActiveCfg = Debug|iPhone
		{DBD4A7B3-C647-4F06-B163-160BCC89109F}.Debug|iPhone.Build.0 = Debug|iPhone
		{DBD4A7B3-C647-4F06-B163-160BCC89109F}.Debug|iPhone.Deploy.0 = Debug|iPhone
		{DBD4A7B3-C647-4F06-B163-160BCC89109F}.Debug|iPhoneSimulator.ActiveCfg = Debug|iPhoneSimulator
		{DBD4A7B3-C647-4F06-B163-160BCC89109F}.Debug|iPhoneSimulator.Build.0 = Debug|iPhoneSimulator
		{DBD4A7B3-C647-4F06-B163-160BCC89109F}.Debug|iPhoneSimulator.Deploy.0 = Debug|iPhoneSimulator
		{DBD4A7B3-C647-4F06-B163-160BCC89109F}.Release|Any CPU.ActiveCfg = Release|iPhone
		{DBD4A7B3-C647-4F06-B163-160BCC89109F}.Release|Any CPU.Build.0 = Release|iPhone
		{DBD4A7B3-C647-4F06-B163-160BCC89109F}.Release|Any CPU.Deploy.0 = Release|iPhone
		{DBD4A7B3-C647-4F06-B163-160BCC89109F}.Release|iPhone.ActiveCfg = Release|iPhone
		{DBD4A7B3-C647-4F06-B163-160BCC89109F}.Release|iPhone.Build.0 = Release|iPhone
		{DBD4A7B3-C647-4F06-B163-160BCC89109F}.Release|iPhone.Deploy.0 = Release|iPhone
		{DBD4A7B3-C647-4F06-B163-160BCC89109F}.Release|iPhoneSimulator.ActiveCfg = Release|iPhoneSimulator
		{DBD4A7B3-C647-4F06-B163-160BCC89109F}.Release|iPhoneSimulator.Build.0 = Release|iPhoneSimulator
		{DBD4A7B3-C647-4F06-B163-160BCC89109F}.Release|iPhoneSimulator.Deploy.0 = Release|iPhoneSimulator
		{72160416-D637-499F-B0CF-7AE8265C0887}.Ad-Hoc|Any CPU.ActiveCfg = Debug|Any CPU
		{72160416-D637-499F-B0CF-7AE8265C0887}.Ad-Hoc|Any CPU.Build.0 = Debug|Any CPU
		{72160416-D637-499F-B0CF-7AE8265C0887}.Ad-Hoc|Any CPU.Deploy.0 = Debug|Any CPU
		{72160416-D637-499F-B0CF-7AE8265C0887}.Ad-Hoc|iPhone.ActiveCfg = Debug|Any CPU
		{72160416-D637-499F-B0CF-7AE8265C0887}.Ad-Hoc|iPhone.Build.0 = Debug|Any CPU
		{72160416-D637-499F-B0CF-7AE8265C0887}.Ad-Hoc|iPhone.Deploy.0 = Debug|Any CPU
		{72160416-D637-499F-B0CF-7AE8265C0887}.Ad-Hoc|iPhoneSimulator.ActiveCfg = Debug|Any CPU
		{72160416-D637-499F-B0CF-7AE8265C0887}.Ad-Hoc|iPhoneSimulator.Build.0 = Debug|Any CPU
		{72160416-D637-499F-B0CF-7AE8265C0887}.Ad-Hoc|iPhoneSimulator.Deploy.0 = Debug|Any CPU
		{72160416-D637-499F-B0CF-7AE8265C0887}.AppStore|Any CPU.ActiveCfg = Debug|Any CPU
		{72160416-D637-499F-B0CF-7AE8265C0887}.AppStore|Any CPU.Build.0 = Debug|Any CPU
		{72160416-D637-499F-B0CF-7AE8265C0887}.AppStore|Any CPU.Deploy.0 = Debug|Any CPU
		{72160416-D637-499F-B0CF-7AE8265C0887}.AppStore|iPhone.ActiveCfg = Debug|Any CPU
		{72160416-D637-499F-B0CF-7AE8265C0887}.AppStore|iPhone.Build.0 = Debug|Any CPU
		{72160416-D637-499F-B0CF-7AE8265C0887}.AppStore|iPhone.Deploy.0 = Debug|Any CPU
		{72160416-D637-499F-B0CF-7AE8265C0887}.AppStore|iPhoneSimulator.ActiveCfg = Debug|Any CPU
		{72160416-D637-499F-B0CF-7AE8265C0887}.AppStore|iPhoneSimulator.Build.0 = Debug|Any CPU
		{72160416-D637-499F-B0CF-7AE8265C0887}.AppStore|iPhoneSimulator.Deploy.0 = Debug|Any CPU
		{72160416-D637-499F-B0CF-7AE8265C0887}.Debug|Any CPU.ActiveCfg = Debug|Any CPU
		{72160416-D637-499F-B0CF-7AE8265C0887}.Debug|Any CPU.Build.0 = Debug|Any CPU
		{72160416-D637-499F-B0CF-7AE8265C0887}.Debug|Any CPU.Deploy.0 = Debug|Any CPU
		{72160416-D637-499F-B0CF-7AE8265C0887}.Debug|iPhone.ActiveCfg = Debug|Any CPU
		{72160416-D637-499F-B0CF-7AE8265C0887}.Debug|iPhone.Build.0 = Debug|Any CPU
		{72160416-D637-499F-B0CF-7AE8265C0887}.Debug|iPhone.Deploy.0 = Debug|Any CPU
		{72160416-D637-499F-B0CF-7AE8265C0887}.Debug|iPhoneSimulator.ActiveCfg = Debug|Any CPU
		{72160416-D637-499F-B0CF-7AE8265C0887}.Debug|iPhoneSimulator.Build.0 = Debug|Any CPU
		{72160416-D637-499F-B0CF-7AE8265C0887}.Debug|iPhoneSimulator.Deploy.0 = Debug|Any CPU
		{72160416-D637-499F-B0CF-7AE8265C0887}.Release|Any CPU.ActiveCfg = Release|Any CPU
		{72160416-D637-499F-B0CF-7AE8265C0887}.Release|Any CPU.Build.0 = Release|Any CPU
		{72160416-D637-499F-B0CF-7AE8265C0887}.Release|Any CPU.Deploy.0 = Release|Any CPU
		{72160416-D637-499F-B0CF-7AE8265C0887}.Release|iPhone.ActiveCfg = Release|Any CPU
		{72160416-D637-499F-B0CF-7AE8265C0887}.Release|iPhone.Build.0 = Release|Any CPU
		{72160416-D637-499F-B0CF-7AE8265C0887}.Release|iPhone.Deploy.0 = Release|Any CPU
		{72160416-D637-499F-B0CF-7AE8265C0887}.Release|iPhoneSimulator.ActiveCfg = Release|Any CPU
		{72160416-D637-499F-B0CF-7AE8265C0887}.Release|iPhoneSimulator.Build.0 = Release|Any CPU
		{72160416-D637-499F-B0CF-7AE8265C0887}.Release|iPhoneSimulator.Deploy.0 = Release|Any CPU
	EndGlobalSection
	GlobalSection(SolutionProperties) = preSolution
		HideSolutionNode = FALSE
	EndGlobalSection
	GlobalSection(ExtensibilityGlobals) = postSolution
		SolutionGuid = {A2DA2AE1-A583-44B9-9483-4EE39E8F3BEF}
	EndGlobalSection
EndGlobal
